
Microsoft Visual Studio Solution File, Format Version 12.00
# Visual Studio Version 17
VisualStudioVersion = 17.4.33213.308
MinimumVisualStudioVersion = 10.0.40219.1
Project("{9A19103F-16F7-4668-BE54-9A1E7A4F7556}") = "PostsApp.WebAPI", "WebAPI\PostsApp.WebAPI.csproj", "{B4F61488-9D65-4C57-BA2A-A0E462A75D46}"
EndProject
Project("{9A19103F-16F7-4668-BE54-9A1E7A4F7556}") = "PostsApp.Domain", "PostsApp.Domain\PostsApp.Domain.csproj", "{2365E66F-7A56-41DC-922C-33D1C0CEF665}"
EndProject
Project("{9A19103F-16F7-4668-BE54-9A1E7A4F7556}") = "PostsApp.Services", "PostsApp.Services\PostsApp.Services.csproj", "{7535F9B8-8CCA-44DC-9089-8E756C40DEB4}"
EndProject
Global
	GlobalSection(SolutionConfigurationPlatforms) = preSolution
		Debug|Any CPU = Debug|Any CPU
		Release|Any CPU = Release|Any CPU
	EndGlobalSection
	GlobalSection(ProjectConfigurationPlatforms) = postSolution
		{B4F61488-9D65-4C57-BA2A-A0E462A75D46}.Debug|Any CPU.ActiveCfg = Debug|Any CPU
		{B4F61488-9D65-4C57-BA2A-A0E462A75D46}.Debug|Any CPU.Build.0 = Debug|Any CPU
		{B4F61488-9D65-4C57-BA2A-A0E462A75D46}.Release|Any CPU.ActiveCfg = Release|Any CPU
		{B4F61488-9D65-4C57-BA2A-A0E462A75D46}.Release|Any CPU.Build.0 = Release|Any CPU
		{2365E66F-7A56-41DC-922C-33D1C0CEF665}.Debug|Any CPU.ActiveCfg = Debug|Any CPU
		{2365E66F-7A56-41DC-922C-33D1C0CEF665}.Debug|Any CPU.Build.0 = Debug|Any CPU
		{2365E66F-7A56-41DC-922C-33D1C0CEF665}.Release|Any CPU.ActiveCfg = Release|Any CPU
		{2365E66F-7A56-41DC-922C-33D1C0CEF665}.Release|Any CPU.Build.0 = Release|Any CPU
		{7535F9B8-8CCA-44DC-9089-8E756C40DEB4}.Debug|Any CPU.ActiveCfg = Debug|Any CPU
		{7535F9B8-8CCA-44DC-9089-8E756C40DEB4}.Debug|Any CPU.Build.0 = Debug|Any CPU
		{7535F9B8-8CCA-44DC-9089-8E756C40DEB4}.Release|Any CPU.ActiveCfg = Release|Any CPU
		{7535F9B8-8CCA-44DC-9089-8E756C40DEB4}.Release|Any CPU.Build.0 = Release|Any CPU
	EndGlobalSection
	GlobalSection(SolutionProperties) = preSolution
		HideSolutionNode = FALSE
	EndGlobalSection
	GlobalSection(ExtensibilityGlobals) = postSolution
		SolutionGuid = {D384DCFB-23C6-4417-B5FA-FAA856C426B6}
	EndGlobalSection
EndGlobal
